<?xml version="1.0" encoding="utf-8"?>
<Project ToolsVersion="14.0" xmlns="http://schemas.microsoft.com/developer/msbuild/2003">
  <ItemGroup>
    <Filter Include="Source Files">
      <UniqueIdentifier>{23E9EB8C-D12F-388C-BF95-340B5532DDC1}</UniqueIdentifier>
    </Filter>
    <Filter Include="Header Files">
      <UniqueIdentifier>{A462C8EC-258E-39C7-80EC-13BA099A86F4}</UniqueIdentifier>
    </Filter>
  </ItemGroup>
  <ItemGroup>
    <ClCompile Include="base\jas_cm.c" />
    <ClCompile Include="base\jas_debug.c" />
    <ClCompile Include="base\jas_getopt.c" />
    <ClCompile Include="base\jas_icc.c" />
    <ClCompile Include="base\jas_iccdata.c" />
    <ClCompile Include="base\jas_image.c" />
    <ClCompile Include="base\jas_init.c" />
    <ClCompile Include="base\jas_malloc.c" />
    <ClCompile Include="base\jas_seq.c" />
    <ClCompile Include="base\jas_stream.c" />
    <ClCompile Include="base\jas_string.c" />
    <ClCompile Include="base\jas_tvp.c" />
    <ClCompile Include="base\jas_version.c" />
    <ClCompile Include="bmp\bmp_cod.c" />
    <ClCompile Include="bmp\bmp_dec.c" />
    <ClCompile Include="bmp\bmp_enc.c" />
    <ClCompile Include="jp2\jp2_cod.c" />
    <ClCompile Include="jp2\jp2_dec.c" />
    <ClCompile Include="jp2\jp2_enc.c" />
    <ClCompile Include="jpc\jpc_bs.c" />
    <ClCompile Include="jpc\jpc_cs.c" />
    <ClCompile Include="jpc\jpc_dec.c" />
    <ClCompile Include="jpc\jpc_enc.c" />
    <ClCompile Include="jpc\jpc_math.c" />
    <ClCompile Include="jpc\jpc_mct.c" />
    <ClCompile Include="jpc\jpc_mqcod.c" />
    <ClCompile Include="jpc\jpc_mqdec.c" />
    <ClCompile Include="jpc\jpc_mqenc.c" />
    <ClCompile Include="jpc\jpc_qmfb.c" />
    <ClCompile Include="jpc\jpc_t1cod.c" />
    <ClCompile Include="jpc\jpc_t1dec.c" />
    <ClCompile Include="jpc\jpc_t1enc.c" />
    <ClCompile Include="jpc\jpc_t2cod.c" />
    <ClCompile Include="jpc\jpc_t2dec.c" />
    <ClCompile Include="jpc\jpc_t2enc.c" />
    <ClCompile Include="jpc\jpc_tagtree.c" />
    <ClCompile Include="jpc\jpc_tsfb.c" />
    <ClCompile Include="jpc\jpc_util.c" />
    <ClCompile Include="jpg\jpg_dummy.c" />
    <ClCompile Include="jpg\jpg_val.c" />
    <ClCompile Include="mif\mif_cod.c" />
    <ClCompile Include="pgx\pgx_cod.c" />
    <ClCompile Include="pgx\pgx_dec.c" />
    <ClCompile Include="pgx\pgx_enc.c" />
    <ClCompile Include="pnm\pnm_cod.c" />
    <ClCompile Include="pnm\pnm_dec.c" />
    <ClCompile Include="pnm\pnm_enc.c" />
    <ClCompile Include="ras\ras_cod.c" />
    <ClCompile Include="ras\ras_dec.c" />
    <ClCompile Include="ras\ras_enc.c" />
  </ItemGroup>
  <ItemGroup>
    <ClInclude Include="bmp\bmp_cod.h" />
    <ClInclude Include="include\jasper\jas_cm.h" />
    <ClInclude Include="include\jasper\jas_icc.h" />
    <ClInclude Include="include\jasper\jas_image.h" />
    <ClInclude Include="jp2\jp2_cod.h" />
    <ClInclude Include="jp2\jp2_dec.h" />
    <ClInclude Include="jpc\jpc_bs.h" />
    <ClInclude Include="jpc\jpc_cod.h" />
    <ClInclude Include="jpc\jpc_cs.h" />
    <ClInclude Include="jpc\jpc_dec.h" />
    <ClInclude Include="jpc\jpc_enc.h" />
    <ClInclude Include="jpc\jpc_fix.h" />
    <ClInclude Include="jpc\jpc_flt.h" />
    <ClInclude Include="jpc\jpc_math.h" />
    <ClInclude Include="jpc\jpc_mct.h" />
    <ClInclude Include="jpc\jpc_mqcod.h" />
    <ClInclude Include="jpc\jpc_mqdec.h" />
    <ClInclude Include="jpc\jpc_mqenc.h" />
    <ClInclude Include="jpc\jpc_qmfb.h" />
    <ClInclude Include="jpc\jpc_t1cod.h" />
    <ClInclude Include="jpc\jpc_t1dec.h" />
    <ClInclude Include="jpc\jpc_t1enc.h" />
    <ClInclude Include="jpc\jpc_t2cod.h" />
    <ClInclude Include="jpc\jpc_t2dec.h" />
    <ClInclude Include="jpc\jpc_t2enc.h" />
    <ClInclude Include="jpc\jpc_tagtree.h" />
    <ClInclude Include="jpc\jpc_tsfb.h" />
    <ClInclude Include="jpc\jpc_util.h" />
    <ClInclude Include="mif\mif_cod.h" />
    <ClInclude Include="pgx\pgx_cod.h" />
    <ClInclude Include="pnm\pnm_cod.h" />
    <ClInclude Include="ras\ras_cod.h" />
  </ItemGroup>
</Project>